// !$*UTF8*$!
{
	archiveVersion = 1;
	classes = {
	};
	objectVersion = 56;
	objects = {

/* Begin PBXBuildFile section */
		47B56CFCD45A16F1EAA34406 /* Pods_ChowDown_ChowDownUITests.framework in Frameworks */ = {isa = PBXBuildFile; fileRef = 0C2D9861E0F2D883679203BC /* Pods_ChowDown_ChowDownUITests.framework */; };
		8552127C2BF3CA0A003557AF /* AppDelegate.m in Sources */ = {isa = PBXBuildFile; fileRef = 8552127B2BF3CA0A003557AF /* AppDelegate.m */; };
		8552127F2BF3CA0A003557AF /* SceneDelegate.m in Sources */ = {isa = PBXBuildFile; fileRef = 8552127E2BF3CA0A003557AF /* SceneDelegate.m */; };
		855212822BF3CA0A003557AF /* ViewController.m in Sources */ = {isa = PBXBuildFile; fileRef = 855212812BF3CA0A003557AF /* ViewController.m */; };
		855212872BF3CA0B003557AF /* Assets.xcassets in Resources */ = {isa = PBXBuildFile; fileRef = 855212862BF3CA0B003557AF /* Assets.xcassets */; };
		8552128A2BF3CA0B003557AF /* LaunchScreen.storyboard in Resources */ = {isa = PBXBuildFile; fileRef = 855212882BF3CA0B003557AF /* LaunchScreen.storyboard */; };
		8552128D2BF3CA0B003557AF /* main.m in Sources */ = {isa = PBXBuildFile; fileRef = 8552128C2BF3CA0B003557AF /* main.m */; };
		855212972BF3CA0B003557AF /* ChowDownTests.m in Sources */ = {isa = PBXBuildFile; fileRef = 855212962BF3CA0B003557AF /* ChowDownTests.m */; };
		855212A12BF3CA0B003557AF /* ChowDownUITests.m in Sources */ = {isa = PBXBuildFile; fileRef = 855212A02BF3CA0B003557AF /* ChowDownUITests.m */; };
		855212A32BF3CA0B003557AF /* ChowDownUITestsLaunchTests.m in Sources */ = {isa = PBXBuildFile; fileRef = 855212A22BF3CA0B003557AF /* ChowDownUITestsLaunchTests.m */; };
		855212B52BF3CB80003557AF /* CDCommonUtils.m in Sources */ = {isa = PBXBuildFile; fileRef = 855212B42BF3CB80003557AF /* CDCommonUtils.m */; };
		855212B82BF3CBCF003557AF /* UIView+Helper.m in Sources */ = {isa = PBXBuildFile; fileRef = 855212B72BF3CBCF003557AF /* UIView+Helper.m */; };
		85707F6F2C425A5000E17EBC /* CDProfileEditViewController.m in Sources */ = {isa = PBXBuildFile; fileRef = 85707F6E2C425A5000E17EBC /* CDProfileEditViewController.m */; };
		85707F722C425A7300E17EBC /* CDUser.m in Sources */ = {isa = PBXBuildFile; fileRef = 85707F712C425A7300E17EBC /* CDUser.m */; };
		85707F782C425AF100E17EBC /* CDProfileFunctionItem.m in Sources */ = {isa = PBXBuildFile; fileRef = 85707F772C425AF100E17EBC /* CDProfileFunctionItem.m */; };
		85707F7B2C42781600E17EBC /* CDSettingsViewController.m in Sources */ = {isa = PBXBuildFile; fileRef = 85707F7A2C42781600E17EBC /* CDSettingsViewController.m */; };
		85707F7E2C427C4700E17EBC /* CDSettingsModel.m in Sources */ = {isa = PBXBuildFile; fileRef = 85707F7D2C427C4700E17EBC /* CDSettingsModel.m */; };
		85707F812C427CAD00E17EBC /* CDSettingsCell.m in Sources */ = {isa = PBXBuildFile; fileRef = 85707F802C427CAD00E17EBC /* CDSettingsCell.m */; };
		85707F8D2C42894700E17EBC /* 1.jpeg in Resources */ = {isa = PBXBuildFile; fileRef = 85707F832C42894700E17EBC /* 1.jpeg */; };
		85707F8E2C42894700E17EBC /* 9.jpeg in Resources */ = {isa = PBXBuildFile; fileRef = 85707F842C42894700E17EBC /* 9.jpeg */; };
		85707F8F2C42894700E17EBC /* 5.jpeg in Resources */ = {isa = PBXBuildFile; fileRef = 85707F852C42894700E17EBC /* 5.jpeg */; };
		85707F902C42894700E17EBC /* 8.jpeg in Resources */ = {isa = PBXBuildFile; fileRef = 85707F862C42894700E17EBC /* 8.jpeg */; };
		85707F912C42894700E17EBC /* 3.jpeg in Resources */ = {isa = PBXBuildFile; fileRef = 85707F872C42894700E17EBC /* 3.jpeg */; };
		85707F922C42894700E17EBC /* 4.jpeg in Resources */ = {isa = PBXBuildFile; fileRef = 85707F882C42894700E17EBC /* 4.jpeg */; };
		85707F932C42894700E17EBC /* 10.jpg in Resources */ = {isa = PBXBuildFile; fileRef = 85707F892C42894700E17EBC /* 10.jpg */; };
		85707F942C42894700E17EBC /* 7.jpeg in Resources */ = {isa = PBXBuildFile; fileRef = 85707F8A2C42894700E17EBC /* 7.jpeg */; };
		85707F952C42894700E17EBC /* 6.jpeg in Resources */ = {isa = PBXBuildFile; fileRef = 85707F8B2C42894700E17EBC /* 6.jpeg */; };
		85707F962C42894700E17EBC /* 2.jpeg in Resources */ = {isa = PBXBuildFile; fileRef = 85707F8C2C42894700E17EBC /* 2.jpeg */; };
		859985EE2C3B28E0001B395A /* CDRegisterViewController.m in Sources */ = {isa = PBXBuildFile; fileRef = 859985ED2C3B28E0001B395A /* CDRegisterViewController.m */; };
		859FA7B02C3B2BE80066BDC6 /* CDNavigationBar.m in Sources */ = {isa = PBXBuildFile; fileRef = 859FA7AF2C3B2BE80066BDC6 /* CDNavigationBar.m */; };
		859FA7B32C3B2C040066BDC6 /* CDToast.m in Sources */ = {isa = PBXBuildFile; fileRef = 859FA7B22C3B2C040066BDC6 /* CDToast.m */; };
		859FA7B62C3BD5700066BDC6 /* CDLoadingView.m in Sources */ = {isa = PBXBuildFile; fileRef = 859FA7B52C3BD5700066BDC6 /* CDLoadingView.m */; };
		859FA7C42C3C3C150066BDC6 /* CDHomepageShopItem.m in Sources */ = {isa = PBXBuildFile; fileRef = 859FA7C32C3C3C150066BDC6 /* CDHomepageShopItem.m */; };
		859FA7D02C3C3D2A0066BDC6 /* CDShopDetailsViewController.m in Sources */ = {isa = PBXBuildFile; fileRef = 859FA7CC2C3C3D2A0066BDC6 /* CDShopDetailsViewController.m */; };
		859FA7D12C3C3D2A0066BDC6 /* CDSubmitOrderViewController.m in Sources */ = {isa = PBXBuildFile; fileRef = 859FA7CE2C3C3D2A0066BDC6 /* CDSubmitOrderViewController.m */; };
		859FA7D52C3C3D3C0066BDC6 /* CDShopDetailsModel.m in Sources */ = {isa = PBXBuildFile; fileRef = 859FA7D42C3C3D3C0066BDC6 /* CDShopDetailsModel.m */; };
		859FA7E72C3C3D710066BDC6 /* CDShoppingCartViewCell.m in Sources */ = {isa = PBXBuildFile; fileRef = 859FA7D92C3C3D710066BDC6 /* CDShoppingCartViewCell.m */; };
		859FA7E82C3C3D710066BDC6 /* CDShoppingCartView.m in Sources */ = {isa = PBXBuildFile; fileRef = 859FA7DC2C3C3D710066BDC6 /* CDShoppingCartView.m */; };
		859FA7E92C3C3D710066BDC6 /* CDSubmitOrderPayView.m in Sources */ = {isa = PBXBuildFile; fileRef = 859FA7DD2C3C3D710066BDC6 /* CDSubmitOrderPayView.m */; };
		859FA7EA2C3C3D710066BDC6 /* CDShopDetailsHeaderView.m in Sources */ = {isa = PBXBuildFile; fileRef = 859FA7DE2C3C3D710066BDC6 /* CDShopDetailsHeaderView.m */; };
		859FA7EB2C3C3D710066BDC6 /* CDSubmitOrderHeaderView.m in Sources */ = {isa = PBXBuildFile; fileRef = 859FA7E22C3C3D710066BDC6 /* CDSubmitOrderHeaderView.m */; };
		859FA7EC2C3C3D710066BDC6 /* CDShopDetailsTableViewCell.m in Sources */ = {isa = PBXBuildFile; fileRef = 859FA7E32C3C3D710066BDC6 /* CDShopDetailsTableViewCell.m */; };
		859FA7ED2C3C3D710066BDC6 /* CDSubmitOrderTableViewCell.m in Sources */ = {isa = PBXBuildFile; fileRef = 859FA7E42C3C3D710066BDC6 /* CDSubmitOrderTableViewCell.m */; };
		859FA7EE2C3C3D710066BDC6 /* CDSubmitOrderFooterView.m in Sources */ = {isa = PBXBuildFile; fileRef = 859FA7E52C3C3D710066BDC6 /* CDSubmitOrderFooterView.m */; };
		859FA8022C3C47E00066BDC6 /* CDMenuManagementTableViewCell.m in Sources */ = {isa = PBXBuildFile; fileRef = 859FA7F12C3C47E00066BDC6 /* CDMenuManagementTableViewCell.m */; };
		859FA8032C3C47E00066BDC6 /* CDOrderTableViewCell.m in Sources */ = {isa = PBXBuildFile; fileRef = 859FA7F22C3C47E00066BDC6 /* CDOrderTableViewCell.m */; };
		859FA8042C3C47E00066BDC6 /* CDOrderModel.m in Sources */ = {isa = PBXBuildFile; fileRef = 859FA7F52C3C47E00066BDC6 /* CDOrderModel.m */; };
		859FA8052C3C47E00066BDC6 /* CDMenuManagementModel.m in Sources */ = {isa = PBXBuildFile; fileRef = 859FA7F62C3C47E00066BDC6 /* CDMenuManagementModel.m */; };
		859FA8062C3C47E00066BDC6 /* CDOrderViewController.m in Sources */ = {isa = PBXBuildFile; fileRef = 859FA7FA2C3C47E00066BDC6 /* CDOrderViewController.m */; };
		859FA8072C3C47E00066BDC6 /* CDMerchantBaseViewController.m in Sources */ = {isa = PBXBuildFile; fileRef = 859FA7FB2C3C47E00066BDC6 /* CDMerchantBaseViewController.m */; };
		859FA8082C3C47E00066BDC6 /* CDOrderDetailsViewController.m in Sources */ = {isa = PBXBuildFile; fileRef = 859FA7FC2C3C47E00066BDC6 /* CDOrderDetailsViewController.m */; };
		859FA8092C3C47E00066BDC6 /* CDMenuManagementViewController.m in Sources */ = {isa = PBXBuildFile; fileRef = 859FA7FD2C3C47E00066BDC6 /* CDMenuManagementViewController.m */; };
		859FA80D2C3C5AF30066BDC6 /* CDLocationSelectViewController.m in Sources */ = {isa = PBXBuildFile; fileRef = 859FA80C2C3C5AF30066BDC6 /* CDLocationSelectViewController.m */; };
		859FA8102C3C6AD20066BDC6 /* CDLocationModel.m in Sources */ = {isa = PBXBuildFile; fileRef = 859FA80F2C3C6AD20066BDC6 /* CDLocationModel.m */; };
		85E5AC462C260FC4004660EA /* CDLoginViewController.m in Sources */ = {isa = PBXBuildFile; fileRef = 85E5AC452C260FC4004660EA /* CDLoginViewController.m */; };
		85E5AC492C2612E9004660EA /* UIColor+Helper.m in Sources */ = {isa = PBXBuildFile; fileRef = 85E5AC482C2612E9004660EA /* UIColor+Helper.m */; };
		85E5AC4D2C2620B0004660EA /* CDMainViewController.m in Sources */ = {isa = PBXBuildFile; fileRef = 85E5AC4C2C2620B0004660EA /* CDMainViewController.m */; };
		85E5AC512C262206004660EA /* CDProfileViewController.m in Sources */ = {isa = PBXBuildFile; fileRef = 85E5AC502C262206004660EA /* CDProfileViewController.m */; };
		85E5AC552C262272004660EA /* CDHomepageViewController.m in Sources */ = {isa = PBXBuildFile; fileRef = 85E5AC542C262272004660EA /* CDHomepageViewController.m */; };
		85E5AC582C262C29004660EA /* CDMainTabBarController.m in Sources */ = {isa = PBXBuildFile; fileRef = 85E5AC572C262C29004660EA /* CDMainTabBarController.m */; };
		85E5AC5B2C264572004660EA /* CDProfileFunctionCell.m in Sources */ = {isa = PBXBuildFile; fileRef = 85E5AC5A2C264572004660EA /* CDProfileFunctionCell.m */; };
		85E5AC5E2C264E04004660EA /* CDHomepageShopCell.m in Sources */ = {isa = PBXBuildFile; fileRef = 85E5AC5D2C264E04004660EA /* CDHomepageShopCell.m */; };
		85EE891F2BF6732200088D53 /* CDNetworkManager.m in Sources */ = {isa = PBXBuildFile; fileRef = 85EE891E2BF6732200088D53 /* CDNetworkManager.m */; };
		E711FAEF22B34C6F037C8FDF /* Pods_ChowDownTests.framework in Frameworks */ = {isa = PBXBuildFile; fileRef = 1615DF34F92EF7B6F2ED23C1 /* Pods_ChowDownTests.framework */; };
		F67B08B83A1A83D9BCA91EC5 /* Pods_ChowDown.framework in Frameworks */ = {isa = PBXBuildFile; fileRef = 03C2DA6403AF9C361C9DC8F4 /* Pods_ChowDown.framework */; };
/* End PBXBuildFile section */

/* Begin PBXContainerItemProxy section */
		855212932BF3CA0B003557AF /* PBXContainerItemProxy */ = {
			isa = PBXContainerItemProxy;
			containerPortal = 8552126F2BF3CA0A003557AF /* Project object */;
			proxyType = 1;
			remoteGlobalIDString = 855212762BF3CA0A003557AF;
			remoteInfo = ChowDown;
		};
		8552129D2BF3CA0B003557AF /* PBXContainerItemProxy */ = {
			isa = PBXContainerItemProxy;
			containerPortal = 8552126F2BF3CA0A003557AF /* Project object */;
			proxyType = 1;
			remoteGlobalIDString = 855212762BF3CA0A003557AF;
			remoteInfo = ChowDown;
		};
/* End PBXContainerItemProxy section */

/* Begin PBXFileReference section */
		03C2DA6403AF9C361C9DC8F4 /* Pods_ChowDown.framework */ = {isa = PBXFileReference; explicitFileType = wrapper.framework; includeInIndex = 0; path = Pods_ChowDown.framework; sourceTree = BUILT_PRODUCTS_DIR; };
		0C2D9861E0F2D883679203BC /* Pods_ChowDown_ChowDownUITests.framework */ = {isa = PBXFileReference; explicitFileType = wrapper.framework; includeInIndex = 0; path = Pods_ChowDown_ChowDownUITests.framework; sourceTree = BUILT_PRODUCTS_DIR; };
		1615DF34F92EF7B6F2ED23C1 /* Pods_ChowDownTests.framework */ = {isa = PBXFileReference; explicitFileType = wrapper.framework; includeInIndex = 0; path = Pods_ChowDownTests.framework; sourceTree = BUILT_PRODUCTS_DIR; };
		3CD260FC390B077A011CACC5 /* Pods-ChowDown.release.xcconfig */ = {isa = PBXFileReference; includeInIndex = 1; lastKnownFileType = text.xcconfig; name = "Pods-ChowDown.release.xcconfig"; path = "Target Support Files/Pods-ChowDown/Pods-ChowDown.release.xcconfig"; sourceTree = "<group>"; };
		8330CFEB5B95FAECAD8AFE5E /* Pods-ChowDownTests.debug.xcconfig */ = {isa = PBXFileReference; includeInIndex = 1; lastKnownFileType = text.xcconfig; name = "Pods-ChowDownTests.debug.xcconfig"; path = "Target Support Files/Pods-ChowDownTests/Pods-ChowDownTests.debug.xcconfig"; sourceTree = "<group>"; };
		855212772BF3CA0A003557AF /* ChowDown.app */ = {isa = PBXFileReference; explicitFileType = wrapper.application; includeInIndex = 0; path = ChowDown.app; sourceTree = BUILT_PRODUCTS_DIR; };
		8552127A2BF3CA0A003557AF /* AppDelegate.h */ = {isa = PBXFileReference; lastKnownFileType = sourcecode.c.h; path = AppDelegate.h; sourceTree = "<group>"; };
		8552127B2BF3CA0A003557AF /* AppDelegate.m */ = {isa = PBXFileReference; lastKnownFileType = sourcecode.c.objc; path = AppDelegate.m; sourceTree = "<group>"; };
		8552127D2BF3CA0A003557AF /* SceneDelegate.h */ = {isa = PBXFileReference; lastKnownFileType = sourcecode.c.h; path = SceneDelegate.h; sourceTree = "<group>"; };
		8552127E2BF3CA0A003557AF /* SceneDelegate.m */ = {isa = PBXFileReference; lastKnownFileType = sourcecode.c.objc; path = SceneDelegate.m; sourceTree = "<group>"; };
		855212802BF3CA0A003557AF /* ViewController.h */ = {isa = PBXFileReference; lastKnownFileType = sourcecode.c.h; path = ViewController.h; sourceTree = "<group>"; };
		855212812BF3CA0A003557AF /* ViewController.m */ = {isa = PBXFileReference; lastKnownFileType = sourcecode.c.objc; path = ViewController.m; sourceTree = "<group>"; };
		855212862BF3CA0B003557AF /* Assets.xcassets */ = {isa = PBXFileReference; lastKnownFileType = folder.assetcatalog; path = Assets.xcassets; sourceTree = "<group>"; };
		855212892BF3CA0B003557AF /* Base */ = {isa = PBXFileReference; lastKnownFileType = file.storyboard; name = Base; path = Base.lproj/LaunchScreen.storyboard; sourceTree = "<group>"; };
		8552128B2BF3CA0B003557AF /* Info.plist */ = {isa = PBXFileReference; lastKnownFileType = text.plist.xml; path = Info.plist; sourceTree = "<group>"; };
		8552128C2BF3CA0B003557AF /* main.m */ = {isa = PBXFileReference; lastKnownFileType = sourcecode.c.objc; path = main.m; sourceTree = "<group>"; };
		855212922BF3CA0B003557AF /* ChowDownTests.xctest */ = {isa = PBXFileReference; explicitFileType = wrapper.cfbundle; includeInIndex = 0; path = ChowDownTests.xctest; sourceTree = BUILT_PRODUCTS_DIR; };
		855212962BF3CA0B003557AF /* ChowDownTests.m */ = {isa = PBXFileReference; lastKnownFileType = sourcecode.c.objc; path = ChowDownTests.m; sourceTree = "<group>"; };
		8552129C2BF3CA0B003557AF /* ChowDownUITests.xctest */ = {isa = PBXFileReference; explicitFileType = wrapper.cfbundle; includeInIndex = 0; path = ChowDownUITests.xctest; sourceTree = BUILT_PRODUCTS_DIR; };
		855212A02BF3CA0B003557AF /* ChowDownUITests.m */ = {isa = PBXFileReference; lastKnownFileType = sourcecode.c.objc; path = ChowDownUITests.m; sourceTree = "<group>"; };
		855212A22BF3CA0B003557AF /* ChowDownUITestsLaunchTests.m */ = {isa = PBXFileReference; lastKnownFileType = sourcecode.c.objc; path = ChowDownUITestsLaunchTests.m; sourceTree = "<group>"; };
		855212AF2BF3CB17003557AF /* ChowDown-prefix.pch */ = {isa = PBXFileReference; lastKnownFileType = sourcecode.c.h; path = "ChowDown-prefix.pch"; sourceTree = "<group>"; };
		855212B22BF3CB52003557AF /* CDCommonMacro.h */ = {isa = PBXFileReference; lastKnownFileType = sourcecode.c.h; path = CDCommonMacro.h; sourceTree = "<group>"; };
		855212B32BF3CB7A003557AF /* CDCommonUtils.h */ = {isa = PBXFileReference; lastKnownFileType = sourcecode.c.h; path = CDCommonUtils.h; sourceTree = "<group>"; };
		855212B42BF3CB80003557AF /* CDCommonUtils.m */ = {isa = PBXFileReference; lastKnownFileType = sourcecode.c.objc; path = CDCommonUtils.m; sourceTree = "<group>"; };
		855212B62BF3CBCF003557AF /* UIView+Helper.h */ = {isa = PBXFileReference; lastKnownFileType = sourcecode.c.h; path = "UIView+Helper.h"; sourceTree = "<group>"; };
		855212B72BF3CBCF003557AF /* UIView+Helper.m */ = {isa = PBXFileReference; lastKnownFileType = sourcecode.c.objc; path = "UIView+Helper.m"; sourceTree = "<group>"; };
		85707F6D2C425A4900E17EBC /* CDProfileEditViewController.h */ = {isa = PBXFileReference; lastKnownFileType = sourcecode.c.h; path = CDProfileEditViewController.h; sourceTree = "<group>"; };
		85707F6E2C425A5000E17EBC /* CDProfileEditViewController.m */ = {isa = PBXFileReference; lastKnownFileType = sourcecode.c.objc; path = CDProfileEditViewController.m; sourceTree = "<group>"; };
		85707F702C425A6800E17EBC /* CDUser.h */ = {isa = PBXFileReference; lastKnownFileType = sourcecode.c.h; path = CDUser.h; sourceTree = "<group>"; };
		85707F712C425A7300E17EBC /* CDUser.m */ = {isa = PBXFileReference; lastKnownFileType = sourcecode.c.objc; path = CDUser.m; sourceTree = "<group>"; };
		85707F762C425AEA00E17EBC /* CDProfileFunctionItem.h */ = {isa = PBXFileReference; lastKnownFileType = sourcecode.c.h; path = CDProfileFunctionItem.h; sourceTree = "<group>"; };
		85707F772C425AF100E17EBC /* CDProfileFunctionItem.m */ = {isa = PBXFileReference; lastKnownFileType = sourcecode.c.objc; path = CDProfileFunctionItem.m; sourceTree = "<group>"; };
		85707F792C42781000E17EBC /* CDSettingsViewController.h */ = {isa = PBXFileReference; lastKnownFileType = sourcecode.c.h; path = CDSettingsViewController.h; sourceTree = "<group>"; };
		85707F7A2C42781600E17EBC /* CDSettingsViewController.m */ = {isa = PBXFileReference; lastKnownFileType = sourcecode.c.objc; path = CDSettingsViewController.m; sourceTree = "<group>"; };
		85707F7C2C427C3C00E17EBC /* CDSettingsModel.h */ = {isa = PBXFileReference; lastKnownFileType = sourcecode.c.h; path = CDSettingsModel.h; sourceTree = "<group>"; };
		85707F7D2C427C4700E17EBC /* CDSettingsModel.m */ = {isa = PBXFileReference; lastKnownFileType = sourcecode.c.objc; path = CDSettingsModel.m; sourceTree = "<group>"; };
		85707F7F2C427CA700E17EBC /* CDSettingsCell.h */ = {isa = PBXFileReference; lastKnownFileType = sourcecode.c.h; path = CDSettingsCell.h; sourceTree = "<group>"; };
		85707F802C427CAD00E17EBC /* CDSettingsCell.m */ = {isa = PBXFileReference; lastKnownFileType = sourcecode.c.objc; path = CDSettingsCell.m; sourceTree = "<group>"; };
		85707F832C42894700E17EBC /* 1.jpeg */ = {isa = PBXFileReference; lastKnownFileType = image.jpeg; path = 1.jpeg; sourceTree = "<group>"; };
		85707F842C42894700E17EBC /* 9.jpeg */ = {isa = PBXFileReference; lastKnownFileType = image.jpeg; path = 9.jpeg; sourceTree = "<group>"; };
		85707F852C42894700E17EBC /* 5.jpeg */ = {isa = PBXFileReference; lastKnownFileType = image.jpeg; path = 5.jpeg; sourceTree = "<group>"; };
		85707F862C42894700E17EBC /* 8.jpeg */ = {isa = PBXFileReference; lastKnownFileType = image.jpeg; path = 8.jpeg; sourceTree = "<group>"; };
		85707F872C42894700E17EBC /* 3.jpeg */ = {isa = PBXFileReference; lastKnownFileType = image.jpeg; path = 3.jpeg; sourceTree = "<group>"; };
		85707F882C42894700E17EBC /* 4.jpeg */ = {isa = PBXFileReference; lastKnownFileType = image.jpeg; path = 4.jpeg; sourceTree = "<group>"; };
		85707F892C42894700E17EBC /* 10.jpg */ = {isa = PBXFileReference; lastKnownFileType = image.jpeg; path = 10.jpg; sourceTree = "<group>"; };
		85707F8A2C42894700E17EBC /* 7.jpeg */ = {isa = PBXFileReference; lastKnownFileType = image.jpeg; path = 7.jpeg; sourceTree = "<group>"; };
		85707F8B2C42894700E17EBC /* 6.jpeg */ = {isa = PBXFileReference; lastKnownFileType = image.jpeg; path = 6.jpeg; sourceTree = "<group>"; };
		85707F8C2C42894700E17EBC /* 2.jpeg */ = {isa = PBXFileReference; lastKnownFileType = image.jpeg; path = 2.jpeg; sourceTree = "<group>"; };
		859985EC2C3B28DA001B395A /* CDRegisterViewController.h */ = {isa = PBXFileReference; lastKnownFileType = sourcecode.c.h; path = CDRegisterViewController.h; sourceTree = "<group>"; };
		859985ED2C3B28E0001B395A /* CDRegisterViewController.m */ = {isa = PBXFileReference; lastKnownFileType = sourcecode.c.objc; path = CDRegisterViewController.m; sourceTree = "<group>"; };
		859FA7AE2C3B2BDF0066BDC6 /* CDNavigationBar.h */ = {isa = PBXFileReference; lastKnownFileType = sourcecode.c.h; path = CDNavigationBar.h; sourceTree = "<group>"; };
		859FA7AF2C3B2BE80066BDC6 /* CDNavigationBar.m */ = {isa = PBXFileReference; lastKnownFileType = sourcecode.c.objc; path = CDNavigationBar.m; sourceTree = "<group>"; };
		859FA7B12C3B2BFC0066BDC6 /* CDToast.h */ = {isa = PBXFileReference; lastKnownFileType = sourcecode.c.h; path = CDToast.h; sourceTree = "<group>"; };
		859FA7B22C3B2C040066BDC6 /* CDToast.m */ = {isa = PBXFileReference; lastKnownFileType = sourcecode.c.objc; path = CDToast.m; sourceTree = "<group>"; };
		859FA7B42C3BD56A0066BDC6 /* CDLoadingView.h */ = {isa = PBXFileReference; lastKnownFileType = sourcecode.c.h; path = CDLoadingView.h; sourceTree = "<group>"; };
		859FA7B52C3BD5700066BDC6 /* CDLoadingView.m */ = {isa = PBXFileReference; lastKnownFileType = sourcecode.c.objc; path = CDLoadingView.m; sourceTree = "<group>"; };
		859FA7C22C3C3C0F0066BDC6 /* CDHomepageShopItem.h */ = {isa = PBXFileReference; lastKnownFileType = sourcecode.c.h; path = CDHomepageShopItem.h; sourceTree = "<group>"; };
		859FA7C32C3C3C150066BDC6 /* CDHomepageShopItem.m */ = {isa = PBXFileReference; lastKnownFileType = sourcecode.c.objc; path = CDHomepageShopItem.m; sourceTree = "<group>"; };
		859FA7CC2C3C3D2A0066BDC6 /* CDShopDetailsViewController.m */ = {isa = PBXFileReference; fileEncoding = 4; lastKnownFileType = sourcecode.c.objc; path = CDShopDetailsViewController.m; sourceTree = "<group>"; };
		859FA7CD2C3C3D2A0066BDC6 /* CDShopDetailsViewController.h */ = {isa = PBXFileReference; fileEncoding = 4; lastKnownFileType = sourcecode.c.h; path = CDShopDetailsViewController.h; sourceTree = "<group>"; };
		859FA7CE2C3C3D2A0066BDC6 /* CDSubmitOrderViewController.m */ = {isa = PBXFileReference; fileEncoding = 4; lastKnownFileType = sourcecode.c.objc; path = CDSubmitOrderViewController.m; sourceTree = "<group>"; };
		859FA7CF2C3C3D2A0066BDC6 /* CDSubmitOrderViewController.h */ = {isa = PBXFileReference; fileEncoding = 4; lastKnownFileType = sourcecode.c.h; path = CDSubmitOrderViewController.h; sourceTree = "<group>"; };
		859FA7D32C3C3D3C0066BDC6 /* CDShopDetailsModel.h */ = {isa = PBXFileReference; fileEncoding = 4; lastKnownFileType = sourcecode.c.h; path = CDShopDetailsModel.h; sourceTree = "<group>"; };
		859FA7D42C3C3D3C0066BDC6 /* CDShopDetailsModel.m */ = {isa = PBXFileReference; fileEncoding = 4; lastKnownFileType = sourcecode.c.objc; path = CDShopDetailsModel.m; sourceTree = "<group>"; };
		859FA7D72C3C3D710066BDC6 /* CDSubmitOrderPayView.h */ = {isa = PBXFileReference; fileEncoding = 4; lastKnownFileType = sourcecode.c.h; path = CDSubmitOrderPayView.h; sourceTree = "<group>"; };
		859FA7D82C3C3D710066BDC6 /* CDSubmitOrderTableViewCell.h */ = {isa = PBXFileReference; fileEncoding = 4; lastKnownFileType = sourcecode.c.h; path = CDSubmitOrderTableViewCell.h; sourceTree = "<group>"; };
		859FA7D92C3C3D710066BDC6 /* CDShoppingCartViewCell.m */ = {isa = PBXFileReference; fileEncoding = 4; lastKnownFileType = sourcecode.c.objc; path = CDShoppingCartViewCell.m; sourceTree = "<group>"; };
		859FA7DA2C3C3D710066BDC6 /* CDShoppingCartView.h */ = {isa = PBXFileReference; fileEncoding = 4; lastKnownFileType = sourcecode.c.h; path = CDShoppingCartView.h; sourceTree = "<group>"; };
		859FA7DB2C3C3D710066BDC6 /* CDSubmitOrderHeaderView.h */ = {isa = PBXFileReference; fileEncoding = 4; lastKnownFileType = sourcecode.c.h; path = CDSubmitOrderHeaderView.h; sourceTree = "<group>"; };
		859FA7DC2C3C3D710066BDC6 /* CDShoppingCartView.m */ = {isa = PBXFileReference; fileEncoding = 4; lastKnownFileType = sourcecode.c.objc; path = CDShoppingCartView.m; sourceTree = "<group>"; };
		859FA7DD2C3C3D710066BDC6 /* CDSubmitOrderPayView.m */ = {isa = PBXFileReference; fileEncoding = 4; lastKnownFileType = sourcecode.c.objc; path = CDSubmitOrderPayView.m; sourceTree = "<group>"; };
		859FA7DE2C3C3D710066BDC6 /* CDShopDetailsHeaderView.m */ = {isa = PBXFileReference; fileEncoding = 4; lastKnownFileType = sourcecode.c.objc; path = CDShopDetailsHeaderView.m; sourceTree = "<group>"; };
		859FA7DF2C3C3D710066BDC6 /* CDShopDetailsHeaderView.h */ = {isa = PBXFileReference; fileEncoding = 4; lastKnownFileType = sourcecode.c.h; path = CDShopDetailsHeaderView.h; sourceTree = "<group>"; };
		859FA7E02C3C3D710066BDC6 /* CDSubmitOrderFooterView.h */ = {isa = PBXFileReference; fileEncoding = 4; lastKnownFileType = sourcecode.c.h; path = CDSubmitOrderFooterView.h; sourceTree = "<group>"; };
		859FA7E12C3C3D710066BDC6 /* CDShopDetailsTableViewCell.h */ = {isa = PBXFileReference; fileEncoding = 4; lastKnownFileType = sourcecode.c.h; path = CDShopDetailsTableViewCell.h; sourceTree = "<group>"; };
		859FA7E22C3C3D710066BDC6 /* CDSubmitOrderHeaderView.m */ = {isa = PBXFileReference; fileEncoding = 4; lastKnownFileType = sourcecode.c.objc; path = CDSubmitOrderHeaderView.m; sourceTree = "<group>"; };
		859FA7E32C3C3D710066BDC6 /* CDShopDetailsTableViewCell.m */ = {isa = PBXFileReference; fileEncoding = 4; lastKnownFileType = sourcecode.c.objc; path = CDShopDetailsTableViewCell.m; sourceTree = "<group>"; };
		859FA7E42C3C3D710066BDC6 /* CDSubmitOrderTableViewCell.m */ = {isa = PBXFileReference; fileEncoding = 4; lastKnownFileType = sourcecode.c.objc; path = CDSubmitOrderTableViewCell.m; sourceTree = "<group>"; };
		859FA7E52C3C3D710066BDC6 /* CDSubmitOrderFooterView.m */ = {isa = PBXFileReference; fileEncoding = 4; lastKnownFileType = sourcecode.c.objc; path = CDSubmitOrderFooterView.m; sourceTree = "<group>"; };
		859FA7E62C3C3D710066BDC6 /* CDShoppingCartViewCell.h */ = {isa = PBXFileReference; fileEncoding = 4; lastKnownFileType = sourcecode.c.h; path = CDShoppingCartViewCell.h; sourceTree = "<group>"; };
		859FA7F02C3C47E00066BDC6 /* CDOrderTableViewCell.h */ = {isa = PBXFileReference; fileEncoding = 4; lastKnownFileType = sourcecode.c.h; path = CDOrderTableViewCell.h; sourceTree = "<group>"; };
		859FA7F12C3C47E00066BDC6 /* CDMenuManagementTableViewCell.m */ = {isa = PBXFileReference; fileEncoding = 4; lastKnownFileType = sourcecode.c.objc; path = CDMenuManagementTableViewCell.m; sourceTree = "<group>"; };
		859FA7F22C3C47E00066BDC6 /* CDOrderTableViewCell.m */ = {isa = PBXFileReference; fileEncoding = 4; lastKnownFileType = sourcecode.c.objc; path = CDOrderTableViewCell.m; sourceTree = "<group>"; };
		859FA7F32C3C47E00066BDC6 /* CDMenuManagementTableViewCell.h */ = {isa = PBXFileReference; fileEncoding = 4; lastKnownFileType = sourcecode.c.h; path = CDMenuManagementTableViewCell.h; sourceTree = "<group>"; };
		859FA7F52C3C47E00066BDC6 /* CDOrderModel.m */ = {isa = PBXFileReference; fileEncoding = 4; lastKnownFileType = sourcecode.c.objc; path = CDOrderModel.m; sourceTree = "<group>"; };
		859FA7F62C3C47E00066BDC6 /* CDMenuManagementModel.m */ = {isa = PBXFileReference; fileEncoding = 4; lastKnownFileType = sourcecode.c.objc; path = CDMenuManagementModel.m; sourceTree = "<group>"; };
		859FA7F72C3C47E00066BDC6 /* CDOrderModel.h */ = {isa = PBXFileReference; fileEncoding = 4; lastKnownFileType = sourcecode.c.h; path = CDOrderModel.h; sourceTree = "<group>"; };
		859FA7F82C3C47E00066BDC6 /* CDMenuManagementModel.h */ = {isa = PBXFileReference; fileEncoding = 4; lastKnownFileType = sourcecode.c.h; path = CDMenuManagementModel.h; sourceTree = "<group>"; };
		859FA7FA2C3C47E00066BDC6 /* CDOrderViewController.m */ = {isa = PBXFileReference; fileEncoding = 4; lastKnownFileType = sourcecode.c.objc; path = CDOrderViewController.m; sourceTree = "<group>"; };
		859FA7FB2C3C47E00066BDC6 /* CDMerchantBaseViewController.m */ = {isa = PBXFileReference; fileEncoding = 4; lastKnownFileType = sourcecode.c.objc; path = CDMerchantBaseViewController.m; sourceTree = "<group>"; };
		859FA7FC2C3C47E00066BDC6 /* CDOrderDetailsViewController.m */ = {isa = PBXFileReference; fileEncoding = 4; lastKnownFileType = sourcecode.c.objc; path = CDOrderDetailsViewController.m; sourceTree = "<group>"; };
		859FA7FD2C3C47E00066BDC6 /* CDMenuManagementViewController.m */ = {isa = PBXFileReference; fileEncoding = 4; lastKnownFileType = sourcecode.c.objc; path = CDMenuManagementViewController.m; sourceTree = "<group>"; };
		859FA7FE2C3C47E00066BDC6 /* CDOrderViewController.h */ = {isa = PBXFileReference; fileEncoding = 4; lastKnownFileType = sourcecode.c.h; path = CDOrderViewController.h; sourceTree = "<group>"; };
		859FA7FF2C3C47E00066BDC6 /* CDOrderDetailsViewController.h */ = {isa = PBXFileReference; fileEncoding = 4; lastKnownFileType = sourcecode.c.h; path = CDOrderDetailsViewController.h; sourceTree = "<group>"; };
		859FA8002C3C47E00066BDC6 /* CDMerchantBaseViewController.h */ = {isa = PBXFileReference; fileEncoding = 4; lastKnownFileType = sourcecode.c.h; path = CDMerchantBaseViewController.h; sourceTree = "<group>"; };
		859FA8012C3C47E00066BDC6 /* CDMenuManagementViewController.h */ = {isa = PBXFileReference; fileEncoding = 4; lastKnownFileType = sourcecode.c.h; path = CDMenuManagementViewController.h; sourceTree = "<group>"; };
		859FA80B2C3C5AEC0066BDC6 /* CDLocationSelectViewController.h */ = {isa = PBXFileReference; lastKnownFileType = sourcecode.c.h; path = CDLocationSelectViewController.h; sourceTree = "<group>"; };
		859FA80C2C3C5AF30066BDC6 /* CDLocationSelectViewController.m */ = {isa = PBXFileReference; lastKnownFileType = sourcecode.c.objc; path = CDLocationSelectViewController.m; sourceTree = "<group>"; };
		859FA80E2C3C6AC90066BDC6 /* CDLocationModel.h */ = {isa = PBXFileReference; lastKnownFileType = sourcecode.c.h; path = CDLocationModel.h; sourceTree = "<group>"; };
		859FA80F2C3C6AD20066BDC6 /* CDLocationModel.m */ = {isa = PBXFileReference; lastKnownFileType = sourcecode.c.objc; path = CDLocationModel.m; sourceTree = "<group>"; };
		85E5AC442C260FBD004660EA /* CDLoginViewController.h */ = {isa = PBXFileReference; lastKnownFileType = sourcecode.c.h; path = CDLoginViewController.h; sourceTree = "<group>"; };
		85E5AC452C260FC4004660EA /* CDLoginViewController.m */ = {isa = PBXFileReference; lastKnownFileType = sourcecode.c.objc; path = CDLoginViewController.m; sourceTree = "<group>"; };
		85E5AC472C2612E9004660EA /* UIColor+Helper.h */ = {isa = PBXFileReference; lastKnownFileType = sourcecode.c.h; path = "UIColor+Helper.h"; sourceTree = "<group>"; };
		85E5AC482C2612E9004660EA /* UIColor+Helper.m */ = {isa = PBXFileReference; lastKnownFileType = sourcecode.c.objc; path = "UIColor+Helper.m"; sourceTree = "<group>"; };
		85E5AC4B2C2620A8004660EA /* CDMainViewController.h */ = {isa = PBXFileReference; lastKnownFileType = sourcecode.c.h; path = CDMainViewController.h; sourceTree = "<group>"; };
		85E5AC4C2C2620B0004660EA /* CDMainViewController.m */ = {isa = PBXFileReference; lastKnownFileType = sourcecode.c.objc; path = CDMainViewController.m; sourceTree = "<group>"; };
		85E5AC4F2C2621FF004660EA /* CDProfileViewController.h */ = {isa = PBXFileReference; lastKnownFileType = sourcecode.c.h; path = CDProfileViewController.h; sourceTree = "<group>"; };
		85E5AC502C262206004660EA /* CDProfileViewController.m */ = {isa = PBXFileReference; lastKnownFileType = sourcecode.c.objc; path = CDProfileViewController.m; sourceTree = "<group>"; };
		85E5AC532C26226C004660EA /* CDHomepageViewController.h */ = {isa = PBXFileReference; lastKnownFileType = sourcecode.c.h; path = CDHomepageViewController.h; sourceTree = "<group>"; };
		85E5AC542C262272004660EA /* CDHomepageViewController.m */ = {isa = PBXFileReference; lastKnownFileType = sourcecode.c.objc; path = CDHomepageViewController.m; sourceTree = "<group>"; };
		85E5AC562C262C23004660EA /* CDMainTabBarController.h */ = {isa = PBXFileReference; lastKnownFileType = sourcecode.c.h; path = CDMainTabBarController.h; sourceTree = "<group>"; };
		85E5AC572C262C29004660EA /* CDMainTabBarController.m */ = {isa = PBXFileReference; lastKnownFileType = sourcecode.c.objc; path = CDMainTabBarController.m; sourceTree = "<group>"; };
		85E5AC592C26456C004660EA /* CDProfileFunctionCell.h */ = {isa = PBXFileReference; lastKnownFileType = sourcecode.c.h; path = CDProfileFunctionCell.h; sourceTree = "<group>"; };
		85E5AC5A2C264572004660EA /* CDProfileFunctionCell.m */ = {isa = PBXFileReference; lastKnownFileType = sourcecode.c.objc; path = CDProfileFunctionCell.m; sourceTree = "<group>"; };
		85E5AC5C2C264DFD004660EA /* CDHomepageShopCell.h */ = {isa = PBXFileReference; lastKnownFileType = sourcecode.c.h; path = CDHomepageShopCell.h; sourceTree = "<group>"; };
		85E5AC5D2C264E04004660EA /* CDHomepageShopCell.m */ = {isa = PBXFileReference; lastKnownFileType = sourcecode.c.objc; path = CDHomepageShopCell.m; sourceTree = "<group>"; };
		85EE891C2BF6730500088D53 /* CDApi.h */ = {isa = PBXFileReference; lastKnownFileType = sourcecode.c.h; path = CDApi.h; sourceTree = "<group>"; };
		85EE891D2BF6731200088D53 /* CDNetworkManager.h */ = {isa = PBXFileReference; lastKnownFileType = sourcecode.c.h; path = CDNetworkManager.h; sourceTree = "<group>"; };
		85EE891E2BF6732200088D53 /* CDNetworkManager.m */ = {isa = PBXFileReference; lastKnownFileType = sourcecode.c.objc; path = CDNetworkManager.m; sourceTree = "<group>"; };
		9C17DCBE62B79C1BFA0D3E3B /* Pods-ChowDownTests.release.xcconfig */ = {isa = PBXFileReference; includeInIndex = 1; lastKnownFileType = text.xcconfig; name = "Pods-ChowDownTests.release.xcconfig"; path = "Target Support Files/Pods-ChowDownTests/Pods-ChowDownTests.release.xcconfig"; sourceTree = "<group>"; };
		D70FAE0BF86CE04151C2E721 /* Pods-ChowDown.debug.xcconfig */ = {isa = PBXFileReference; includeInIndex = 1; lastKnownFileType = text.xcconfig; name = "Pods-ChowDown.debug.xcconfig"; path = "Target Support Files/Pods-ChowDown/Pods-ChowDown.debug.xcconfig"; sourceTree = "<group>"; };
		D9EA5C0DAA774CB468DA5EE8 /* Pods-ChowDown-ChowDownUITests.debug.xcconfig */ = {isa = PBXFileReference; includeInIndex = 1; lastKnownFileType = text.xcconfig; name = "Pods-ChowDown-ChowDownUITests.debug.xcconfig"; path = "Target Support Files/Pods-ChowDown-ChowDownUITests/Pods-ChowDown-ChowDownUITests.debug.xcconfig"; sourceTree = "<group>"; };
		E360316C9227CBF27DA877B4 /* Pods-ChowDown-ChowDownUITests.release.xcconfig */ = {isa = PBXFileReference; includeInIndex = 1; lastKnownFileType = text.xcconfig; name = "Pods-ChowDown-ChowDownUITests.release.xcconfig"; path = "Target Support Files/Pods-ChowDown-ChowDownUITests/Pods-ChowDown-ChowDownUITests.release.xcconfig"; sourceTree = "<group>"; };
/* End PBXFileReference section */

/* Begin PBXFrameworksBuildPhase section */
		855212742BF3CA0A003557AF /* Frameworks */ = {
			isa = PBXFrameworksBuildPhase;
			buildActionMask = 2147483647;
			files = (
				F67B08B83A1A83D9BCA91EC5 /* Pods_ChowDown.framework in Frameworks */,
			);
			runOnlyForDeploymentPostprocessing = 0;
		};
		8552128F2BF3CA0B003557AF /* Frameworks */ = {
			isa = PBXFrameworksBuildPhase;
			buildActionMask = 2147483647;
			files = (
				E711FAEF22B34C6F037C8FDF /* Pods_ChowDownTests.framework in Frameworks */,
			);
			runOnlyForDeploymentPostprocessing = 0;
		};
		855212992BF3CA0B003557AF /* Frameworks */ = {
			isa = PBXFrameworksBuildPhase;
			buildActionMask = 2147483647;
			files = (
				47B56CFCD45A16F1EAA34406 /* Pods_ChowDown_ChowDownUITests.framework in Frameworks */,
			);
			runOnlyForDeploymentPostprocessing = 0;
		};
/* End PBXFrameworksBuildPhase section */

/* Begin PBXGroup section */
		02F72FA0EF9B68EB06F5A220 /* Frameworks */ = {
			isa = PBXGroup;
			children = (
				03C2DA6403AF9C361C9DC8F4 /* Pods_ChowDown.framework */,
				0C2D9861E0F2D883679203BC /* Pods_ChowDown_ChowDownUITests.framework */,
				1615DF34F92EF7B6F2ED23C1 /* Pods_ChowDownTests.framework */,
			);
			name = Frameworks;
			sourceTree = "<group>";
		};
		585889B1914B21D2E2AD02EE /* Pods */ = {
			isa = PBXGroup;
			children = (
				D70FAE0BF86CE04151C2E721 /* Pods-ChowDown.debug.xcconfig */,
				3CD260FC390B077A011CACC5 /* Pods-ChowDown.release.xcconfig */,
				D9EA5C0DAA774CB468DA5EE8 /* Pods-ChowDown-ChowDownUITests.debug.xcconfig */,
				E360316C9227CBF27DA877B4 /* Pods-ChowDown-ChowDownUITests.release.xcconfig */,
				8330CFEB5B95FAECAD8AFE5E /* Pods-ChowDownTests.debug.xcconfig */,
				9C17DCBE62B79C1BFA0D3E3B /* Pods-ChowDownTests.release.xcconfig */,
			);
			path = Pods;
			sourceTree = "<group>";
		};
		8552126E2BF3CA0A003557AF = {
			isa = PBXGroup;
			children = (
				855212792BF3CA0A003557AF /* ChowDown */,
				855212952BF3CA0B003557AF /* ChowDownTests */,
				8552129F2BF3CA0B003557AF /* ChowDownUITests */,
				855212782BF3CA0A003557AF /* Products */,
				585889B1914B21D2E2AD02EE /* Pods */,
				02F72FA0EF9B68EB06F5A220 /* Frameworks */,
			);
			sourceTree = "<group>";
		};
		855212782BF3CA0A003557AF /* Products */ = {
			isa = PBXGroup;
			children = (
				855212772BF3CA0A003557AF /* ChowDown.app */,
				855212922BF3CA0B003557AF /* ChowDownTests.xctest */,
				8552129C2BF3CA0B003557AF /* ChowDownUITests.xctest */,
			);
			name = Products;
			sourceTree = "<group>";
		};
		855212792BF3CA0A003557AF /* ChowDown */ = {
			isa = PBXGroup;
			children = (
				85707F822C42892000E17EBC /* Resource */,
				855212B02BF3CB2D003557AF /* Modules */,
				8552127A2BF3CA0A003557AF /* AppDelegate.h */,
				8552127B2BF3CA0A003557AF /* AppDelegate.m */,
				8552127D2BF3CA0A003557AF /* SceneDelegate.h */,
				8552127E2BF3CA0A003557AF /* SceneDelegate.m */,
				855212802BF3CA0A003557AF /* ViewController.h */,
				855212812BF3CA0A003557AF /* ViewController.m */,
				855212862BF3CA0B003557AF /* Assets.xcassets */,
				855212882BF3CA0B003557AF /* LaunchScreen.storyboard */,
				8552128B2BF3CA0B003557AF /* Info.plist */,
				8552128C2BF3CA0B003557AF /* main.m */,
				855212AF2BF3CB17003557AF /* ChowDown-prefix.pch */,
			);
			path = ChowDown;
			sourceTree = "<group>";
		};
		855212952BF3CA0B003557AF /* ChowDownTests */ = {
			isa = PBXGroup;
			children = (
				855212962BF3CA0B003557AF /* ChowDownTests.m */,
			);
			path = ChowDownTests;
			sourceTree = "<group>";
		};
		8552129F2BF3CA0B003557AF /* ChowDownUITests */ = {
			isa = PBXGroup;
			children = (
				855212A02BF3CA0B003557AF /* ChowDownUITests.m */,
				855212A22BF3CA0B003557AF /* ChowDownUITestsLaunchTests.m */,
			);
			path = ChowDownUITests;
			sourceTree = "<group>";
		};
		855212B02BF3CB2D003557AF /* Modules */ = {
			isa = PBXGroup;
			children = (
				85E5AC422C260FA6004660EA /* Business */,
				85EE891B2BF672E700088D53 /* Network */,
				855212B12BF3CB39003557AF /* Common */,
			);
			path = Modules;
			sourceTree = "<group>";
		};
		855212B12BF3CB39003557AF /* Common */ = {
			isa = PBXGroup;
			children = (
				85707F732C425A8B00E17EBC /* UI */,
				855212B22BF3CB52003557AF /* CDCommonMacro.h */,
				855212B32BF3CB7A003557AF /* CDCommonUtils.h */,
				855212B42BF3CB80003557AF /* CDCommonUtils.m */,
			);
			path = Common;
			sourceTree = "<group>";
		};
		85707F682C4259A600E17EBC /* Order */ = {
			isa = PBXGroup;
			children = (
			);
			path = Order;
			sourceTree = "<group>";
		};
		85707F692C4259AF00E17EBC /* Address */ = {
			isa = PBXGroup;
			children = (
			);
			path = Address;
			sourceTree = "<group>";
		};
		85707F6A2C425A1200E17EBC /* Employee */ = {
			isa = PBXGroup;
			children = (
			);
			path = Employee;
			sourceTree = "<group>";
		};
		85707F6B2C425A1D00E17EBC /* Settings */ = {
			isa = PBXGroup;
			children = (
				85707F792C42781000E17EBC /* CDSettingsViewController.h */,
				85707F7A2C42781600E17EBC /* CDSettingsViewController.m */,
				85707F7C2C427C3C00E17EBC /* CDSettingsModel.h */,
				85707F7D2C427C4700E17EBC /* CDSettingsModel.m */,
				85707F7F2C427CA700E17EBC /* CDSettingsCell.h */,
				85707F802C427CAD00E17EBC /* CDSettingsCell.m */,
			);
			path = Settings;
			sourceTree = "<group>";
		};
		85707F732C425A8B00E17EBC /* UI */ = {
			isa = PBXGroup;
			children = (
				855212B62BF3CBCF003557AF /* UIView+Helper.h */,
				855212B72BF3CBCF003557AF /* UIView+Helper.m */,
				85E5AC472C2612E9004660EA /* UIColor+Helper.h */,
				85E5AC482C2612E9004660EA /* UIColor+Helper.m */,
				859FA7AE2C3B2BDF0066BDC6 /* CDNavigationBar.h */,
				859FA7AF2C3B2BE80066BDC6 /* CDNavigationBar.m */,
				859FA7B12C3B2BFC0066BDC6 /* CDToast.h */,
				859FA7B22C3B2C040066BDC6 /* CDToast.m */,
				859FA7B42C3BD56A0066BDC6 /* CDLoadingView.h */,
				859FA7B52C3BD5700066BDC6 /* CDLoadingView.m */,
			);
			path = UI;
			sourceTree = "<group>";
		};
		85707F752C425AAD00E17EBC /* User */ = {
			isa = PBXGroup;
			children = (
				85707F702C425A6800E17EBC /* CDUser.h */,
				85707F712C425A7300E17EBC /* CDUser.m */,
			);
			path = User;
			sourceTree = "<group>";
		};
		85707F822C42892000E17EBC /* Resource */ = {
			isa = PBXGroup;
			children = (
				85707F832C42894700E17EBC /* 1.jpeg */,
				85707F8C2C42894700E17EBC /* 2.jpeg */,
				85707F872C42894700E17EBC /* 3.jpeg */,
				85707F882C42894700E17EBC /* 4.jpeg */,
				85707F852C42894700E17EBC /* 5.jpeg */,
				85707F8B2C42894700E17EBC /* 6.jpeg */,
				85707F8A2C42894700E17EBC /* 7.jpeg */,
				85707F862C42894700E17EBC /* 8.jpeg */,
				85707F842C42894700E17EBC /* 9.jpeg */,
				85707F892C42894700E17EBC /* 10.jpg */,
			);
			path = Resource;
			sourceTree = "<group>";
		};
		859985EB2C3B28C3001B395A /* Register */ = {
			isa = PBXGroup;
			children = (
				859985EC2C3B28DA001B395A /* CDRegisterViewController.h */,
				859985ED2C3B28E0001B395A /* CDRegisterViewController.m */,
			);
			path = Register;
			sourceTree = "<group>";
		};
		859FA7B72C3C38DD0066BDC6 /* Merchant */ = {
			isa = PBXGroup;
			children = (
				859FA7F92C3C47E00066BDC6 /* Controller */,
				859FA7F42C3C47E00066BDC6 /* Model */,
				859FA7EF2C3C47E00066BDC6 /* View */,
			);
			path = Merchant;
			sourceTree = "<group>";
		};
		859FA7B82C3C38F90066BDC6 /* Shop */ = {
			isa = PBXGroup;
			children = (
				859FA7C52C3C3CFE0066BDC6 /* Controller */,
				859FA7D22C3C3D300066BDC6 /* Model */,
				859FA7D62C3C3D440066BDC6 /* View */,
			);
			path = Shop;
			sourceTree = "<group>";
		};
		859FA7C52C3C3CFE0066BDC6 /* Controller */ = {
			isa = PBXGroup;
			children = (
				859FA7CD2C3C3D2A0066BDC6 /* CDShopDetailsViewController.h */,
				859FA7CC2C3C3D2A0066BDC6 /* CDShopDetailsViewController.m */,
				859FA7CF2C3C3D2A0066BDC6 /* CDSubmitOrderViewController.h */,
				859FA7CE2C3C3D2A0066BDC6 /* CDSubmitOrderViewController.m */,
			);
			path = Controller;
			sourceTree = "<group>";
		};
		859FA7D22C3C3D300066BDC6 /* Model */ = {
			isa = PBXGroup;
			children = (
				859FA7D32C3C3D3C0066BDC6 /* CDShopDetailsModel.h */,
				859FA7D42C3C3D3C0066BDC6 /* CDShopDetailsModel.m */,
			);
			path = Model;
			sourceTree = "<group>";
		};
		859FA7D62C3C3D440066BDC6 /* View */ = {
			isa = PBXGroup;
			children = (
				859FA7DF2C3C3D710066BDC6 /* CDShopDetailsHeaderView.h */,
				859FA7DE2C3C3D710066BDC6 /* CDShopDetailsHeaderView.m */,
				859FA7E12C3C3D710066BDC6 /* CDShopDetailsTableViewCell.h */,
				859FA7E32C3C3D710066BDC6 /* CDShopDetailsTableViewCell.m */,
				859FA7DA2C3C3D710066BDC6 /* CDShoppingCartView.h */,
				859FA7DC2C3C3D710066BDC6 /* CDShoppingCartView.m */,
				859FA7E62C3C3D710066BDC6 /* CDShoppingCartViewCell.h */,
				859FA7D92C3C3D710066BDC6 /* CDShoppingCartViewCell.m */,
				859FA7E02C3C3D710066BDC6 /* CDSubmitOrderFooterView.h */,
				859FA7E52C3C3D710066BDC6 /* CDSubmitOrderFooterView.m */,
				859FA7DB2C3C3D710066BDC6 /* CDSubmitOrderHeaderView.h */,
				859FA7E22C3C3D710066BDC6 /* CDSubmitOrderHeaderView.m */,
				859FA7D72C3C3D710066BDC6 /* CDSubmitOrderPayView.h */,
				859FA7DD2C3C3D710066BDC6 /* CDSubmitOrderPayView.m */,
				859FA7D82C3C3D710066BDC6 /* CDSubmitOrderTableViewCell.h */,
				859FA7E42C3C3D710066BDC6 /* CDSubmitOrderTableViewCell.m */,
			);
			path = View;
			sourceTree = "<group>";
		};
		859FA7EF2C3C47E00066BDC6 /* View */ = {
			isa = PBXGroup;
			children = (
				859FA7F02C3C47E00066BDC6 /* CDOrderTableViewCell.h */,
				859FA7F22C3C47E00066BDC6 /* CDOrderTableViewCell.m */,
				859FA7F32C3C47E00066BDC6 /* CDMenuManagementTableViewCell.h */,
				859FA7F12C3C47E00066BDC6 /* CDMenuManagementTableViewCell.m */,
			);
			path = View;
			sourceTree = "<group>";
		};
		859FA7F42C3C47E00066BDC6 /* Model */ = {
			isa = PBXGroup;
			children = (
				859FA7F72C3C47E00066BDC6 /* CDOrderModel.h */,
				859FA7F52C3C47E00066BDC6 /* CDOrderModel.m */,
				859FA7F82C3C47E00066BDC6 /* CDMenuManagementModel.h */,
				859FA7F62C3C47E00066BDC6 /* CDMenuManagementModel.m */,
			);
			path = Model;
			sourceTree = "<group>";
		};
		859FA7F92C3C47E00066BDC6 /* Controller */ = {
			isa = PBXGroup;
			children = (
				859FA7FE2C3C47E00066BDC6 /* CDOrderViewController.h */,
				859FA7FA2C3C47E00066BDC6 /* CDOrderViewController.m */,
				859FA8002C3C47E00066BDC6 /* CDMerchantBaseViewController.h */,
				859FA7FB2C3C47E00066BDC6 /* CDMerchantBaseViewController.m */,
				859FA7FF2C3C47E00066BDC6 /* CDOrderDetailsViewController.h */,
				859FA7FC2C3C47E00066BDC6 /* CDOrderDetailsViewController.m */,
				859FA8012C3C47E00066BDC6 /* CDMenuManagementViewController.h */,
				859FA7FD2C3C47E00066BDC6 /* CDMenuManagementViewController.m */,
			);
			path = Controller;
			sourceTree = "<group>";
		};
		859FA80A2C3C5ADB0066BDC6 /* Location */ = {
			isa = PBXGroup;
			children = (
				859FA80B2C3C5AEC0066BDC6 /* CDLocationSelectViewController.h */,
				859FA80C2C3C5AF30066BDC6 /* CDLocationSelectViewController.m */,
				859FA80E2C3C6AC90066BDC6 /* CDLocationModel.h */,
				859FA80F2C3C6AD20066BDC6 /* CDLocationModel.m */,
			);
			path = Location;
			sourceTree = "<group>";
		};
		85E5AC422C260FA6004660EA /* Business */ = {
			isa = PBXGroup;
			children = (
				85707F752C425AAD00E17EBC /* User */,
				85707F6B2C425A1D00E17EBC /* Settings */,
				85707F6A2C425A1200E17EBC /* Employee */,
				85707F692C4259AF00E17EBC /* Address */,
				85707F682C4259A600E17EBC /* Order */,
				859FA80A2C3C5ADB0066BDC6 /* Location */,
				859FA7B82C3C38F90066BDC6 /* Shop */,
				859FA7B72C3C38DD0066BDC6 /* Merchant */,
				859985EB2C3B28C3001B395A /* Register */,
				85E5AC522C26225B004660EA /* Homepage */,
				85E5AC4E2C2621EA004660EA /* Profile */,
				85E5AC4A2C262094004660EA /* Main */,
				85E5AC432C260FAD004660EA /* Login */,
			);
			path = Business;
			sourceTree = "<group>";
		};
		85E5AC432C260FAD004660EA /* Login */ = {
			isa = PBXGroup;
			children = (
				85E5AC442C260FBD004660EA /* CDLoginViewController.h */,
				85E5AC452C260FC4004660EA /* CDLoginViewController.m */,
			);
			path = Login;
			sourceTree = "<group>";
		};
		85E5AC4A2C262094004660EA /* Main */ = {
			isa = PBXGroup;
			children = (
				85E5AC4B2C2620A8004660EA /* CDMainViewController.h */,
				85E5AC4C2C2620B0004660EA /* CDMainViewController.m */,
				85E5AC562C262C23004660EA /* CDMainTabBarController.h */,
				85E5AC572C262C29004660EA /* CDMainTabBarController.m */,
			);
			path = Main;
			sourceTree = "<group>";
		};
		85E5AC4E2C2621EA004660EA /* Profile */ = {
			isa = PBXGroup;
			children = (
				85E5AC4F2C2621FF004660EA /* CDProfileViewController.h */,
				85E5AC502C262206004660EA /* CDProfileViewController.m */,
				85E5AC592C26456C004660EA /* CDProfileFunctionCell.h */,
				85E5AC5A2C264572004660EA /* CDProfileFunctionCell.m */,
				85707F6D2C425A4900E17EBC /* CDProfileEditViewController.h */,
				85707F6E2C425A5000E17EBC /* CDProfileEditViewController.m */,
				85707F762C425AEA00E17EBC /* CDProfileFunctionItem.h */,
				85707F772C425AF100E17EBC /* CDProfileFunctionItem.m */,
			);
			path = Profile;
			sourceTree = "<group>";
		};
		85E5AC522C26225B004660EA /* Homepage */ = {
			isa = PBXGroup;
			children = (
				85E5AC532C26226C004660EA /* CDHomepageViewController.h */,
				85E5AC542C262272004660EA /* CDHomepageViewController.m */,
				85E5AC5C2C264DFD004660EA /* CDHomepageShopCell.h */,
				85E5AC5D2C264E04004660EA /* CDHomepageShopCell.m */,
				859FA7C22C3C3C0F0066BDC6 /* CDHomepageShopItem.h */,
				859FA7C32C3C3C150066BDC6 /* CDHomepageShopItem.m */,
			);
			path = Homepage;
			sourceTree = "<group>";
		};
		85EE891B2BF672E700088D53 /* Network */ = {
			isa = PBXGroup;
			children = (
				85EE891C2BF6730500088D53 /* CDApi.h */,
				85EE891D2BF6731200088D53 /* CDNetworkManager.h */,
				85EE891E2BF6732200088D53 /* CDNetworkManager.m */,
			);
			path = Network;
			sourceTree = "<group>";
		};
/* End PBXGroup section */

/* Begin PBXNativeTarget section */
		855212762BF3CA0A003557AF /* ChowDown */ = {
			isa = PBXNativeTarget;
			buildConfigurationList = 855212A62BF3CA0B003557AF /* Build configuration list for PBXNativeTarget "ChowDown" */;
			buildPhases = (
				0B3E9F99EC9F956254C7E8D6 /* [CP] Check Pods Manifest.lock */,
				855212732BF3CA0A003557AF /* Sources */,
				855212742BF3CA0A003557AF /* Frameworks */,
				855212752BF3CA0A003557AF /* Resources */,
				2223C964540C91F3D7E311FE /* [CP] Embed Pods Frameworks */,
			);
			buildRules = (
			);
			dependencies = (
			);
			name = ChowDown;
			productName = ChowDown;
			productReference = 855212772BF3CA0A003557AF /* ChowDown.app */;
			productType = "com.apple.product-type.application";
		};
		855212912BF3CA0B003557AF /* ChowDownTests */ = {
			isa = PBXNativeTarget;
			buildConfigurationList = 855212A92BF3CA0B003557AF /* Build configuration list for PBXNativeTarget "ChowDownTests" */;
			buildPhases = (
				6071A8929AB68CD22DB537AB /* [CP] Check Pods Manifest.lock */,
				8552128E2BF3CA0B003557AF /* Sources */,
				8552128F2BF3CA0B003557AF /* Frameworks */,
				855212902BF3CA0B003557AF /* Resources */,
			);
			buildRules = (
			);
			dependencies = (
				855212942BF3CA0B003557AF /* PBXTargetDependency */,
			);
			name = ChowDownTests;
			productName = ChowDownTests;
			productReference = 855212922BF3CA0B003557AF /* ChowDownTests.xctest */;
			productType = "com.apple.product-type.bundle.unit-test";
		};
		8552129B2BF3CA0B003557AF /* ChowDownUITests */ = {
			isa = PBXNativeTarget;
			buildConfigurationList = 855212AC2BF3CA0B003557AF /* Build configuration list for PBXNativeTarget "ChowDownUITests" */;
			buildPhases = (
				FF26CD80F621CA0E27034912 /* [CP] Check Pods Manifest.lock */,
				855212982BF3CA0B003557AF /* Sources */,
				855212992BF3CA0B003557AF /* Frameworks */,
				8552129A2BF3CA0B003557AF /* Resources */,
				333D80D65AC6D6C1DEF57F7A /* [CP] Embed Pods Frameworks */,
			);
			buildRules = (
			);
			dependencies = (
				8552129E2BF3CA0B003557AF /* PBXTargetDependency */,
			);
			name = ChowDownUITests;
			productName = ChowDownUITests;
			productReference = 8552129C2BF3CA0B003557AF /* ChowDownUITests.xctest */;
			productType = "com.apple.product-type.bundle.ui-testing";
		};
/* End PBXNativeTarget section */

/* Begin PBXProject section */
		8552126F2BF3CA0A003557AF /* Project object */ = {
			isa = PBXProject;
			attributes = {
				BuildIndependentTargetsInParallel = 1;
				LastUpgradeCheck = 1430;
				TargetAttributes = {
					855212762BF3CA0A003557AF = {
						CreatedOnToolsVersion = 14.3;
					};
					855212912BF3CA0B003557AF = {
						CreatedOnToolsVersion = 14.3;
						TestTargetID = 855212762BF3CA0A003557AF;
					};
					8552129B2BF3CA0B003557AF = {
						CreatedOnToolsVersion = 14.3;
						TestTargetID = 855212762BF3CA0A003557AF;
					};
				};
			};
			buildConfigurationList = 855212722BF3CA0A003557AF /* Build configuration list for PBXProject "ChowDown" */;
			compatibilityVersion = "Xcode 14.0";
			developmentRegion = en;
			hasScannedForEncodings = 0;
			knownRegions = (
				en,
				Base,
			);
			mainGroup = 8552126E2BF3CA0A003557AF;
			productRefGroup = 855212782BF3CA0A003557AF /* Products */;
			projectDirPath = "";
			projectRoot = "";
			targets = (
				855212762BF3CA0A003557AF /* ChowDown */,
				855212912BF3CA0B003557AF /* ChowDownTests */,
				8552129B2BF3CA0B003557AF /* ChowDownUITests */,
			);
		};
/* End PBXProject section */

/* Begin PBXResourcesBuildPhase section */
		855212752BF3CA0A003557AF /* Resources */ = {
			isa = PBXResourcesBuildPhase;
			buildActionMask = 2147483647;
			files = (
				85707F8F2C42894700E17EBC /* 5.jpeg in Resources */,
				8552128A2BF3CA0B003557AF /* LaunchScreen.storyboard in Resources */,
				85707F902C42894700E17EBC /* 8.jpeg in Resources */,
				85707F8D2C42894700E17EBC /* 1.jpeg in Resources */,
				85707F932C42894700E17EBC /* 10.jpg in Resources */,
				85707F942C42894700E17EBC /* 7.jpeg in Resources */,
				85707F952C42894700E17EBC /* 6.jpeg in Resources */,
				855212872BF3CA0B003557AF /* Assets.xcassets in Resources */,
				85707F962C42894700E17EBC /* 2.jpeg in Resources */,
				85707F912C42894700E17EBC /* 3.jpeg in Resources */,
				85707F922C42894700E17EBC /* 4.jpeg in Resources */,
				85707F8E2C42894700E17EBC /* 9.jpeg in Resources */,
			);
			runOnlyForDeploymentPostprocessing = 0;
		};
		855212902BF3CA0B003557AF /* Resources */ = {
			isa = PBXResourcesBuildPhase;
			buildActionMask = 2147483647;
			files = (
			);
			runOnlyForDeploymentPostprocessing = 0;
		};
		8552129A2BF3CA0B003557AF /* Resources */ = {
			isa = PBXResourcesBuildPhase;
			buildActionMask = 2147483647;
			files = (
			);
			runOnlyForDeploymentPostprocessing = 0;
		};
/* End PBXResourcesBuildPhase section */

/* Begin PBXShellScriptBuildPhase section */
		0B3E9F99EC9F956254C7E8D6 /* [CP] Check Pods Manifest.lock */ = {
			isa = PBXShellScriptBuildPhase;
			buildActionMask = 2147483647;
			files = (
			);
			inputFileListPaths = (
			);
			inputPaths = (
				"${PODS_PODFILE_DIR_PATH}/Podfile.lock",
				"${PODS_ROOT}/Manifest.lock",
			);
			name = "[CP] Check Pods Manifest.lock";
			outputFileListPaths = (
			);
			outputPaths = (
				"$(DERIVED_FILE_DIR)/Pods-ChowDown-checkManifestLockResult.txt",
			);
			runOnlyForDeploymentPostprocessing = 0;
			shellPath = /bin/sh;
			shellScript = "diff \"${PODS_PODFILE_DIR_PATH}/Podfile.lock\" \"${PODS_ROOT}/Manifest.lock\" > /dev/null\nif [ $? != 0 ] ; then\n    # print error to STDERR\n    echo \"error: The sandbox is not in sync with the Podfile.lock. Run 'pod install' or update your CocoaPods installation.\" >&2\n    exit 1\nfi\n# This output is used by Xcode 'outputs' to avoid re-running this script phase.\necho \"SUCCESS\" > \"${SCRIPT_OUTPUT_FILE_0}\"\n";
			showEnvVarsInLog = 0;
		};
		2223C964540C91F3D7E311FE /* [CP] Embed Pods Frameworks */ = {
			isa = PBXShellScriptBuildPhase;
			buildActionMask = 2147483647;
			files = (
			);
			inputFileListPaths = (
				"${PODS_ROOT}/Target Support Files/Pods-ChowDown/Pods-ChowDown-frameworks-${CONFIGURATION}-input-files.xcfilelist",
			);
			name = "[CP] Embed Pods Frameworks";
			outputFileListPaths = (
				"${PODS_ROOT}/Target Support Files/Pods-ChowDown/Pods-ChowDown-frameworks-${CONFIGURATION}-output-files.xcfilelist",
			);
			runOnlyForDeploymentPostprocessing = 0;
			shellPath = /bin/sh;
			shellScript = "\"${PODS_ROOT}/Target Support Files/Pods-ChowDown/Pods-ChowDown-frameworks.sh\"\n";
			showEnvVarsInLog = 0;
		};
		333D80D65AC6D6C1DEF57F7A /* [CP] Embed Pods Frameworks */ = {
			isa = PBXShellScriptBuildPhase;
			buildActionMask = 2147483647;
			files = (
			);
			inputFileListPaths = (
				"${PODS_ROOT}/Target Support Files/Pods-ChowDown-ChowDownUITests/Pods-ChowDown-ChowDownUITests-frameworks-${CONFIGURATION}-input-files.xcfilelist",
			);
			name = "[CP] Embed Pods Frameworks";
			outputFileListPaths = (
				"${PODS_ROOT}/Target Support Files/Pods-ChowDown-ChowDownUITests/Pods-ChowDown-ChowDownUITests-frameworks-${CONFIGURATION}-output-files.xcfilelist",
			);
			runOnlyForDeploymentPostprocessing = 0;
			shellPath = /bin/sh;
			shellScript = "\"${PODS_ROOT}/Target Support Files/Pods-ChowDown-ChowDownUITests/Pods-ChowDown-ChowDownUITests-frameworks.sh\"\n";
			showEnvVarsInLog = 0;
		};
		6071A8929AB68CD22DB537AB /* [CP] Check Pods Manifest.lock */ = {
			isa = PBXShellScriptBuildPhase;
			buildActionMask = 2147483647;
			files = (
			);
			inputFileListPaths = (
			);
			inputPaths = (
				"${PODS_PODFILE_DIR_PATH}/Podfile.lock",
				"${PODS_ROOT}/Manifest.lock",
			);
			name = "[CP] Check Pods Manifest.lock";
			outputFileListPaths = (
			);
			outputPaths = (
				"$(DERIVED_FILE_DIR)/Pods-ChowDownTests-checkManifestLockResult.txt",
			);
			runOnlyForDeploymentPostprocessing = 0;
			shellPath = /bin/sh;
			shellScript = "diff \"${PODS_PODFILE_DIR_PATH}/Podfile.lock\" \"${PODS_ROOT}/Manifest.lock\" > /dev/null\nif [ $? != 0 ] ; then\n    # print error to STDERR\n    echo \"error: The sandbox is not in sync with the Podfile.lock. Run 'pod install' or update your CocoaPods installation.\" >&2\n    exit 1\nfi\n# This output is used by Xcode 'outputs' to avoid re-running this script phase.\necho \"SUCCESS\" > \"${SCRIPT_OUTPUT_FILE_0}\"\n";
			showEnvVarsInLog = 0;
		};
		FF26CD80F621CA0E27034912 /* [CP] Check Pods Manifest.lock */ = {
			isa = PBXShellScriptBuildPhase;
			buildActionMask = 2147483647;
			files = (
			);
			inputFileListPaths = (
			);
			inputPaths = (
				"${PODS_PODFILE_DIR_PATH}/Podfile.lock",
				"${PODS_ROOT}/Manifest.lock",
			);
			name = "[CP] Check Pods Manifest.lock";
			outputFileListPaths = (
			);
			outputPaths = (
				"$(DERIVED_FILE_DIR)/Pods-ChowDown-ChowDownUITests-checkManifestLockResult.txt",
			);
			runOnlyForDeploymentPostprocessing = 0;
			shellPath = /bin/sh;
			shellScript = "diff \"${PODS_PODFILE_DIR_PATH}/Podfile.lock\" \"${PODS_ROOT}/Manifest.lock\" > /dev/null\nif [ $? != 0 ] ; then\n    # print error to STDERR\n    echo \"error: The sandbox is not in sync with the Podfile.lock. Run 'pod install' or update your CocoaPods installation.\" >&2\n    exit 1\nfi\n# This output is used by Xcode 'outputs' to avoid re-running this script phase.\necho \"SUCCESS\" > \"${SCRIPT_OUTPUT_FILE_0}\"\n";
			showEnvVarsInLog = 0;
		};
/* End PBXShellScriptBuildPhase section */

/* Begin PBXSourcesBuildPhase section */
		855212732BF3CA0A003557AF /* Sources */ = {
			isa = PBXSourcesBuildPhase;
			buildActionMask = 2147483647;
			files = (
				859985EE2C3B28E0001B395A /* CDRegisterViewController.m in Sources */,
				85EE891F2BF6732200088D53 /* CDNetworkManager.m in Sources */,
				859FA7EA2C3C3D710066BDC6 /* CDShopDetailsHeaderView.m in Sources */,
				85E5AC462C260FC4004660EA /* CDLoginViewController.m in Sources */,
				859FA80D2C3C5AF30066BDC6 /* CDLocationSelectViewController.m in Sources */,
				85707F7B2C42781600E17EBC /* CDSettingsViewController.m in Sources */,
				859FA8102C3C6AD20066BDC6 /* CDLocationModel.m in Sources */,
				859FA7EC2C3C3D710066BDC6 /* CDShopDetailsTableViewCell.m in Sources */,
				85E5AC5B2C264572004660EA /* CDProfileFunctionCell.m in Sources */,
				85E5AC492C2612E9004660EA /* UIColor+Helper.m in Sources */,
				859FA7C42C3C3C150066BDC6 /* CDHomepageShopItem.m in Sources */,
				85707F722C425A7300E17EBC /* CDUser.m in Sources */,
				859FA8092C3C47E00066BDC6 /* CDMenuManagementViewController.m in Sources */,
				85E5AC512C262206004660EA /* CDProfileViewController.m in Sources */,
				859FA8072C3C47E00066BDC6 /* CDMerchantBaseViewController.m in Sources */,
				859FA7E92C3C3D710066BDC6 /* CDSubmitOrderPayView.m in Sources */,
				859FA7E72C3C3D710066BDC6 /* CDShoppingCartViewCell.m in Sources */,
				855212822BF3CA0A003557AF /* ViewController.m in Sources */,
				859FA7EB2C3C3D710066BDC6 /* CDSubmitOrderHeaderView.m in Sources */,
				85707F6F2C425A5000E17EBC /* CDProfileEditViewController.m in Sources */,
				859FA8022C3C47E00066BDC6 /* CDMenuManagementTableViewCell.m in Sources */,
				8552127C2BF3CA0A003557AF /* AppDelegate.m in Sources */,
				859FA8082C3C47E00066BDC6 /* CDOrderDetailsViewController.m in Sources */,
				859FA7B62C3BD5700066BDC6 /* CDLoadingView.m in Sources */,
				859FA7E82C3C3D710066BDC6 /* CDShoppingCartView.m in Sources */,
				855212B82BF3CBCF003557AF /* UIView+Helper.m in Sources */,
				85E5AC4D2C2620B0004660EA /* CDMainViewController.m in Sources */,
				859FA7D12C3C3D2A0066BDC6 /* CDSubmitOrderViewController.m in Sources */,
				859FA7D02C3C3D2A0066BDC6 /* CDShopDetailsViewController.m in Sources */,
				855212B52BF3CB80003557AF /* CDCommonUtils.m in Sources */,
				85E5AC582C262C29004660EA /* CDMainTabBarController.m in Sources */,
				859FA7B32C3B2C040066BDC6 /* CDToast.m in Sources */,
				85707F782C425AF100E17EBC /* CDProfileFunctionItem.m in Sources */,
				85707F812C427CAD00E17EBC /* CDSettingsCell.m in Sources */,
				859FA8042C3C47E00066BDC6 /* CDOrderModel.m in Sources */,
				85E5AC552C262272004660EA /* CDHomepageViewController.m in Sources */,
				85707F7E2C427C4700E17EBC /* CDSettingsModel.m in Sources */,
				859FA8032C3C47E00066BDC6 /* CDOrderTableViewCell.m in Sources */,
				8552128D2BF3CA0B003557AF /* main.m in Sources */,
				8552127F2BF3CA0A003557AF /* SceneDelegate.m in Sources */,
				859FA7EE2C3C3D710066BDC6 /* CDSubmitOrderFooterView.m in Sources */,
				85E5AC5E2C264E04004660EA /* CDHomepageShopCell.m in Sources */,
				859FA8062C3C47E00066BDC6 /* CDOrderViewController.m in Sources */,
				859FA7B02C3B2BE80066BDC6 /* CDNavigationBar.m in Sources */,
				859FA7D52C3C3D3C0066BDC6 /* CDShopDetailsModel.m in Sources */,
				859FA8052C3C47E00066BDC6 /* CDMenuManagementModel.m in Sources */,
				859FA7ED2C3C3D710066BDC6 /* CDSubmitOrderTableViewCell.m in Sources */,
			);
			runOnlyForDeploymentPostprocessing = 0;
		};
		8552128E2BF3CA0B003557AF /* Sources */ = {
			isa = PBXSourcesBuildPhase;
			buildActionMask = 2147483647;
			files = (
				855212972BF3CA0B003557AF /* ChowDownTests.m in Sources */,
			);
			runOnlyForDeploymentPostprocessing = 0;
		};
		855212982BF3CA0B003557AF /* Sources */ = {
			isa = PBXSourcesBuildPhase;
			buildActionMask = 2147483647;
			files = (
				855212A12BF3CA0B003557AF /* ChowDownUITests.m in Sources */,
				855212A32BF3CA0B003557AF /* ChowDownUITestsLaunchTests.m in Sources */,
			);
			runOnlyForDeploymentPostprocessing = 0;
		};
/* End PBXSourcesBuildPhase section */

/* Begin PBXTargetDependency section */
		855212942BF3CA0B003557AF /* PBXTargetDependency */ = {
			isa = PBXTargetDependency;
			target = 855212762BF3CA0A003557AF /* ChowDown */;
			targetProxy = 855212932BF3CA0B003557AF /* PBXContainerItemProxy */;
		};
		8552129E2BF3CA0B003557AF /* PBXTargetDependency */ = {
			isa = PBXTargetDependency;
			target = 855212762BF3CA0A003557AF /* ChowDown */;
			targetProxy = 8552129D2BF3CA0B003557AF /* PBXContainerItemProxy */;
		};
/* End PBXTargetDependency section */

/* Begin PBXVariantGroup section */
		855212882BF3CA0B003557AF /* LaunchScreen.storyboard */ = {
			isa = PBXVariantGroup;
			children = (
				855212892BF3CA0B003557AF /* Base */,
			);
			name = LaunchScreen.storyboard;
			sourceTree = "<group>";
		};
/* End PBXVariantGroup section */

/* Begin XCBuildConfiguration section */
		855212A42BF3CA0B003557AF /* Debug */ = {
			isa = XCBuildConfiguration;
			buildSettings = {
				ALWAYS_SEARCH_USER_PATHS = NO;
				CLANG_ANALYZER_NONNULL = YES;
				CLANG_ANALYZER_NUMBER_OBJECT_CONVERSION = YES_AGGRESSIVE;
				CLANG_CXX_LANGUAGE_STANDARD = "gnu++20";
				CLANG_ENABLE_MODULES = YES;
				CLANG_ENABLE_OBJC_ARC = YES;
				CLANG_ENABLE_OBJC_WEAK = YES;
				CLANG_WARN_BLOCK_CAPTURE_AUTORELEASING = YES;
				CLANG_WARN_BOOL_CONVERSION = YES;
				CLANG_WARN_COMMA = YES;
				CLANG_WARN_CONSTANT_CONVERSION = YES;
				CLANG_WARN_DEPRECATED_OBJC_IMPLEMENTATIONS = YES;
				CLANG_WARN_DIRECT_OBJC_ISA_USAGE = YES_ERROR;
				CLANG_WARN_DOCUMENTATION_COMMENTS = YES;
				CLANG_WARN_EMPTY_BODY = YES;
				CLANG_WARN_ENUM_CONVERSION = YES;
				CLANG_WARN_INFINITE_RECURSION = YES;
				CLANG_WARN_INT_CONVERSION = YES;
				CLANG_WARN_NON_LITERAL_NULL_CONVERSION = YES;
				CLANG_WARN_OBJC_IMPLICIT_RETAIN_SELF = YES;
				CLANG_WARN_OBJC_LITERAL_CONVERSION = YES;
				CLANG_WARN_OBJC_ROOT_CLASS = YES_ERROR;
				CLANG_WARN_QUOTED_INCLUDE_IN_FRAMEWORK_HEADER = YES;
				CLANG_WARN_RANGE_LOOP_ANALYSIS = YES;
				CLANG_WARN_STRICT_PROTOTYPES = YES;
				CLANG_WARN_SUSPICIOUS_MOVE = YES;
				CLANG_WARN_UNGUARDED_AVAILABILITY = YES_AGGRESSIVE;
				CLANG_WARN_UNREACHABLE_CODE = YES;
				CLANG_WARN__DUPLICATE_METHOD_MATCH = YES;
				COPY_PHASE_STRIP = NO;
				DEBUG_INFORMATION_FORMAT = dwarf;
				ENABLE_STRICT_OBJC_MSGSEND = YES;
				ENABLE_TESTABILITY = YES;
				GCC_C_LANGUAGE_STANDARD = gnu11;
				GCC_DYNAMIC_NO_PIC = NO;
				GCC_NO_COMMON_BLOCKS = YES;
				GCC_OPTIMIZATION_LEVEL = 0;
				GCC_PREPROCESSOR_DEFINITIONS = (
					"DEBUG=1",
					"$(inherited)",
				);
				GCC_WARN_64_TO_32_BIT_CONVERSION = YES;
				GCC_WARN_ABOUT_RETURN_TYPE = YES_ERROR;
				GCC_WARN_UNDECLARED_SELECTOR = YES;
				GCC_WARN_UNINITIALIZED_AUTOS = YES_AGGRESSIVE;
				GCC_WARN_UNUSED_FUNCTION = YES;
				GCC_WARN_UNUSED_VARIABLE = YES;
				IPHONEOS_DEPLOYMENT_TARGET = 16.4;
				MTL_ENABLE_DEBUG_INFO = INCLUDE_SOURCE;
				MTL_FAST_MATH = YES;
				ONLY_ACTIVE_ARCH = YES;
				SDKROOT = iphoneos;
			};
			name = Debug;
		};
		855212A52BF3CA0B003557AF /* Release */ = {
			isa = XCBuildConfiguration;
			buildSettings = {
				ALWAYS_SEARCH_USER_PATHS = NO;
				CLANG_ANALYZER_NONNULL = YES;
				CLANG_ANALYZER_NUMBER_OBJECT_CONVERSION = YES_AGGRESSIVE;
				CLANG_CXX_LANGUAGE_STANDARD = "gnu++20";
				CLANG_ENABLE_MODULES = YES;
				CLANG_ENABLE_OBJC_ARC = YES;
				CLANG_ENABLE_OBJC_WEAK = YES;
				CLANG_WARN_BLOCK_CAPTURE_AUTORELEASING = YES;
				CLANG_WARN_BOOL_CONVERSION = YES;
				CLANG_WARN_COMMA = YES;
				CLANG_WARN_CONSTANT_CONVERSION = YES;
				CLANG_WARN_DEPRECATED_OBJC_IMPLEMENTATIONS = YES;
				CLANG_WARN_DIRECT_OBJC_ISA_USAGE = YES_ERROR;
				CLANG_WARN_DOCUMENTATION_COMMENTS = YES;
				CLANG_WARN_EMPTY_BODY = YES;
				CLANG_WARN_ENUM_CONVERSION = YES;
				CLANG_WARN_INFINITE_RECURSION = YES;
				CLANG_WARN_INT_CONVERSION = YES;
				CLANG_WARN_NON_LITERAL_NULL_CONVERSION = YES;
				CLANG_WARN_OBJC_IMPLICIT_RETAIN_SELF = YES;
				CLANG_WARN_OBJC_LITERAL_CONVERSION = YES;
				CLANG_WARN_OBJC_ROOT_CLASS = YES_ERROR;
				CLANG_WARN_QUOTED_INCLUDE_IN_FRAMEWORK_HEADER = YES;
				CLANG_WARN_RANGE_LOOP_ANALYSIS = YES;
				CLANG_WARN_STRICT_PROTOTYPES = YES;
				CLANG_WARN_SUSPICIOUS_MOVE = YES;
				CLANG_WARN_UNGUARDED_AVAILABILITY = YES_AGGRESSIVE;
				CLANG_WARN_UNREACHABLE_CODE = YES;
				CLANG_WARN__DUPLICATE_METHOD_MATCH = YES;
				COPY_PHASE_STRIP = NO;
				DEBUG_INFORMATION_FORMAT = "dwarf-with-dsym";
				ENABLE_NS_ASSERTIONS = NO;
				ENABLE_STRICT_OBJC_MSGSEND = YES;
				GCC_C_LANGUAGE_STANDARD = gnu11;
				GCC_NO_COMMON_BLOCKS = YES;
				GCC_WARN_64_TO_32_BIT_CONVERSION = YES;
				GCC_WARN_ABOUT_RETURN_TYPE = YES_ERROR;
				GCC_WARN_UNDECLARED_SELECTOR = YES;
				GCC_WARN_UNINITIALIZED_AUTOS = YES_AGGRESSIVE;
				GCC_WARN_UNUSED_FUNCTION = YES;
				GCC_WARN_UNUSED_VARIABLE = YES;
				IPHONEOS_DEPLOYMENT_TARGET = 16.4;
				MTL_ENABLE_DEBUG_INFO = NO;
				MTL_FAST_MATH = YES;
				SDKROOT = iphoneos;
				VALIDATE_PRODUCT = YES;
			};
			name = Release;
		};
		855212A72BF3CA0B003557AF /* Debug */ = {
			isa = XCBuildConfiguration;
			baseConfigurationReference = D70FAE0BF86CE04151C2E721 /* Pods-ChowDown.debug.xcconfig */;
			buildSettings = {
				ASSETCATALOG_COMPILER_APPICON_NAME = AppIcon;
				ASSETCATALOG_COMPILER_GLOBAL_ACCENT_COLOR_NAME = AccentColor;
				CODE_SIGN_STYLE = Automatic;
				CURRENT_PROJECT_VERSION = 1;
				DEVELOPMENT_TEAM = THDA2HN25J;
				GCC_PREFIX_HEADER = "ChowDown/ChowDown-prefix.pch";
				GENERATE_INFOPLIST_FILE = YES;
				INFOPLIST_FILE = ChowDown/Info.plist;
				INFOPLIST_KEY_UIApplicationSupportsIndirectInputEvents = YES;
				INFOPLIST_KEY_UILaunchStoryboardName = LaunchScreen;
				INFOPLIST_KEY_UIMainStoryboardFile = "";
				INFOPLIST_KEY_UISupportedInterfaceOrientations_iPad = "UIInterfaceOrientationPortrait UIInterfaceOrientationPortraitUpsideDown UIInterfaceOrientationLandscapeLeft UIInterfaceOrientationLandscapeRight";
				INFOPLIST_KEY_UISupportedInterfaceOrientations_iPhone = "UIInterfaceOrientationPortrait UIInterfaceOrientationLandscapeLeft UIInterfaceOrientationLandscapeRight";
				LD_RUNPATH_SEARCH_PATHS = (
					"$(inherited)",
					"@executable_path/Frameworks",
				);
				MARKETING_VERSION = 1.0;
				OTHER_LDFLAGS = (
					"$(inherited)",
					"-l\"WechatOpenSDK\"",
					"-l\"c++\"",
					"-l\"sqlite3.0\"",
					"-l\"z\"",
					"-framework",
					"\"AFNetworking\"",
					"-framework",
					"\"BlocksKit\"",
					"-framework",
					"\"CoreGraphics\"",
					"-framework",
					"\"Foundation\"",
					"-framework",
					"\"ImageIO\"",
					"-framework",
					"\"Masonry\"",
					"-framework",
					"\"MessageUI\"",
					"-framework",
					"\"SDWebImage\"",
					"-framework",
					"\"Security\"",
					"-framework",
					"\"UIKit\"",
					"-framework",
					"\"WebKit\"",
					"-ObjC",
				);
				PRODUCT_BUNDLE_IDENTIFIER = hku.cs7705.project.ChowDown;
				PRODUCT_NAME = "$(TARGET_NAME)";
				SWIFT_EMIT_LOC_STRINGS = YES;
				TARGETED_DEVICE_FAMILY = "1,2";
			};
			name = Debug;
		};
		855212A82BF3CA0B003557AF /* Release */ = {
			isa = XCBuildConfiguration;
			baseConfigurationReference = 3CD260FC390B077A011CACC5 /* Pods-ChowDown.release.xcconfig */;
			buildSettings = {
				ASSETCATALOG_COMPILER_APPICON_NAME = AppIcon;
				ASSETCATALOG_COMPILER_GLOBAL_ACCENT_COLOR_NAME = AccentColor;
				CODE_SIGN_STYLE = Automatic;
				CURRENT_PROJECT_VERSION = 1;
				DEVELOPMENT_TEAM = THDA2HN25J;
				GCC_PREFIX_HEADER = "ChowDown/ChowDown-prefix.pch";
				GENERATE_INFOPLIST_FILE = YES;
				INFOPLIST_FILE = ChowDown/Info.plist;
				INFOPLIST_KEY_UIApplicationSupportsIndirectInputEvents = YES;
				INFOPLIST_KEY_UILaunchStoryboardName = LaunchScreen;
				INFOPLIST_KEY_UIMainStoryboardFile = "";
				INFOPLIST_KEY_UISupportedInterfaceOrientations_iPad = "UIInterfaceOrientationPortrait UIInterfaceOrientationPortraitUpsideDown UIInterfaceOrientationLandscapeLeft UIInterfaceOrientationLandscapeRight";
				INFOPLIST_KEY_UISupportedInterfaceOrientations_iPhone = "UIInterfaceOrientationPortrait UIInterfaceOrientationLandscapeLeft UIInterfaceOrientationLandscapeRight";
				LD_RUNPATH_SEARCH_PATHS = (
					"$(inherited)",
					"@executable_path/Frameworks",
				);
				MARKETING_VERSION = 1.0;
				OTHER_LDFLAGS = (
					"$(inherited)",
					"-l\"WechatOpenSDK\"",
					"-l\"c++\"",
					"-l\"sqlite3.0\"",
					"-l\"z\"",
					"-framework",
					"\"AFNetworking\"",
					"-framework",
					"\"BlocksKit\"",
					"-framework",
					"\"CoreGraphics\"",
					"-framework",
					"\"Foundation\"",
					"-framework",
					"\"ImageIO\"",
					"-framework",
					"\"Masonry\"",
					"-framework",
					"\"MessageUI\"",
					"-framework",
					"\"SDWebImage\"",
					"-framework",
					"\"Security\"",
					"-framework",
					"\"UIKit\"",
					"-framework",
					"\"WebKit\"",
					"-ObjC",
				);
				PRODUCT_BUNDLE_IDENTIFIER = hku.cs7705.project.ChowDown;
				PRODUCT_NAME = "$(TARGET_NAME)";
				SWIFT_EMIT_LOC_STRINGS = YES;
				TARGETED_DEVICE_FAMILY = "1,2";
			};
			name = Release;
		};
		855212AA2BF3CA0B003557AF /* Debug */ = {
			isa = XCBuildConfiguration;
			baseConfigurationReference = 8330CFEB5B95FAECAD8AFE5E /* Pods-ChowDownTests.debug.xcconfig */;
			buildSettings = {
				BUNDLE_LOADER = "$(TEST_HOST)";
				CODE_SIGN_STYLE = Automatic;
				CURRENT_PROJECT_VERSION = 1;
				DEVELOPMENT_TEAM = THDA2HN25J;
				GENERATE_INFOPLIST_FILE = YES;
				IPHONEOS_DEPLOYMENT_TARGET = 16.4;
				MARKETING_VERSION = 1.0;
				PRODUCT_BUNDLE_IDENTIFIER = hku.cs7705.project.ChowDownTests;
				PRODUCT_NAME = "$(TARGET_NAME)";
				SWIFT_EMIT_LOC_STRINGS = NO;
				TARGETED_DEVICE_FAMILY = "1,2";
				TEST_HOST = "$(BUILT_PRODUCTS_DIR)/ChowDown.app/$(BUNDLE_EXECUTABLE_FOLDER_PATH)/ChowDown";
			};
			name = Debug;
		};
		855212AB2BF3CA0B003557AF /* Release */ = {
			isa = XCBuildConfiguration;
			baseConfigurationReference = 9C17DCBE62B79C1BFA0D3E3B /* Pods-ChowDownTests.release.xcconfig */;
			buildSettings = {
				BUNDLE_LOADER = "$(TEST_HOST)";
				CODE_SIGN_STYLE = Automatic;
				CURRENT_PROJECT_VERSION = 1;
				DEVELOPMENT_TEAM = THDA2HN25J;
				GENERATE_INFOPLIST_FILE = YES;
				IPHONEOS_DEPLOYMENT_TARGET = 16.4;
				MARKETING_VERSION = 1.0;
				PRODUCT_BUNDLE_IDENTIFIER = hku.cs7705.project.ChowDownTests;
				PRODUCT_NAME = "$(TARGET_NAME)";
				SWIFT_EMIT_LOC_STRINGS = NO;
				TARGETED_DEVICE_FAMILY = "1,2";
				TEST_HOST = "$(BUILT_PRODUCTS_DIR)/ChowDown.app/$(BUNDLE_EXECUTABLE_FOLDER_PATH)/ChowDown";
			};
			name = Release;
		};
		855212AD2BF3CA0B003557AF /* Debug */ = {
			isa = XCBuildConfiguration;
			baseConfigurationReference = D9EA5C0DAA774CB468DA5EE8 /* Pods-ChowDown-ChowDownUITests.debug.xcconfig */;
			buildSettings = {
				CODE_SIGN_STYLE = Automatic;
				CURRENT_PROJECT_VERSION = 1;
				DEVELOPMENT_TEAM = THDA2HN25J;
				GENERATE_INFOPLIST_FILE = YES;
				MARKETING_VERSION = 1.0;
				PRODUCT_BUNDLE_IDENTIFIER = hku.cs7705.project.ChowDownUITests;
				PRODUCT_NAME = "$(TARGET_NAME)";
				SWIFT_EMIT_LOC_STRINGS = NO;
				TARGETED_DEVICE_FAMILY = "1,2";
				TEST_TARGET_NAME = ChowDown;
			};
			name = Debug;
		};
		855212AE2BF3CA0B003557AF /* Release */ = {
			isa = XCBuildConfiguration;
			baseConfigurationReference = E360316C9227CBF27DA877B4 /* Pods-ChowDown-ChowDownUITests.release.xcconfig */;
			buildSettings = {
				CODE_SIGN_STYLE = Automatic;
				CURRENT_PROJECT_VERSION = 1;
				DEVELOPMENT_TEAM = THDA2HN25J;
				GENERATE_INFOPLIST_FILE = YES;
				MARKETING_VERSION = 1.0;
				PRODUCT_BUNDLE_IDENTIFIER = hku.cs7705.project.ChowDownUITests;
				PRODUCT_NAME = "$(TARGET_NAME)";
				SWIFT_EMIT_LOC_STRINGS = NO;
				TARGETED_DEVICE_FAMILY = "1,2";
				TEST_TARGET_NAME = ChowDown;
			};
			name = Release;
		};
/* End XCBuildConfiguration section */

/* Begin XCConfigurationList section */
		855212722BF3CA0A003557AF /* Build configuration list for PBXProject "ChowDown" */ = {
			isa = XCConfigurationList;
			buildConfigurations = (
				855212A42BF3CA0B003557AF /* Debug */,
				855212A52BF3CA0B003557AF /* Release */,
			);
			defaultConfigurationIsVisible = 0;
			defaultConfigurationName = Release;
		};
		855212A62BF3CA0B003557AF /* Build configuration list for PBXNativeTarget "ChowDown" */ = {
			isa = XCConfigurationList;
			buildConfigurations = (
				855212A72BF3CA0B003557AF /* Debug */,
				855212A82BF3CA0B003557AF /* Release */,
			);
			defaultConfigurationIsVisible = 0;
			defaultConfigurationName = Release;
		};
		855212A92BF3CA0B003557AF /* Build configuration list for PBXNativeTarget "ChowDownTests" */ = {
			isa = XCConfigurationList;
			buildConfigurations = (
				855212AA2BF3CA0B003557AF /* Debug */,
				855212AB2BF3CA0B003557AF /* Release */,
			);
			defaultConfigurationIsVisible = 0;
			defaultConfigurationName = Release;
		};
		855212AC2BF3CA0B003557AF /* Build configuration list for PBXNativeTarget "ChowDownUITests" */ = {
			isa = XCConfigurationList;
			buildConfigurations = (
				855212AD2BF3CA0B003557AF /* Debug */,
				855212AE2BF3CA0B003557AF /* Release */,
			);
			defaultConfigurationIsVisible = 0;
			defaultConfigurationName = Release;
		};
/* End XCConfigurationList section */
	};
	rootObject = 8552126F2BF3CA0A003557AF /* Project object */;
}
